
Microsoft Visual Studio Solution File, Format Version 12.00
# Visual Studio Version 16
VisualStudioVersion = 16.0.31911.196
MinimumVisualStudioVersion = 10.0.40219.1
Project("{FAE04EC0-301F-11D3-BF4B-00C04F79EFBC}") = "Intravision", "Intravision\Intravision.csproj", "{7F3118F1-FD14-4043-B946-7C0D39614B16}"
EndProject
Global
	GlobalSection(SolutionConfigurationPlatforms) = preSolution
		Debug|Any CPU = Debug|Any CPU
		Release|Any CPU = Release|Any CPU
	EndGlobalSection
	GlobalSection(ProjectConfigurationPlatforms) = postSolution
		{7F3118F1-FD14-4043-B946-7C0D39614B16}.Debug|Any CPU.ActiveCfg = Debug|Any CPU
		{7F3118F1-FD14-4043-B946-7C0D39614B16}.Debug|Any CPU.Build.0 = Debug|Any CPU
		{7F3118F1-FD14-4043-B946-7C0D39614B16}.Release|Any CPU.ActiveCfg = Release|Any CPU
		{7F3118F1-FD14-4043-B946-7C0D39614B16}.Release|Any CPU.Build.0 = Release|Any CPU
	EndGlobalSection
	GlobalSection(SolutionProperties) = preSolution
		HideSolutionNode = FALSE
	EndGlobalSection
	GlobalSection(ExtensibilityGlobals) = postSolution
		SolutionGuid = {EB0CE559-84F2-44DD-B1AB-738912835BE9}
	EndGlobalSection
EndGlobal
